github.com/zedhead037/mdconf v0.0.1 h1:MZFC4DHZ8vftiAhAdX1+3vxJWvl0JvBcOVNLjNkAy+U=
github.com/zedhead037/mdconf v0.0.1/go.mod h1:DE87sQyOCbjkECi3T3xi6bT4H+0E17EDqMyE91WRxuk=
github.com/zedhead037/mdconf v0.0.2 h1:+UdTFx8PrcrlfjbMg43nUEq6fNuZH9DPIYDS55qs+l0=
github.com/zedhead037/mdconf v0.0.2/go.mod h1:DE87sQyOCbjkECi3T3xi6bT4H+0E17EDqMyE91WRxuk=
github.com/zedhead037/mdconf v0.0.3 h1:6PxgRpDkfzGu+VFOc5+v/+u4OoACU6Ny/K9Fph3uehU=
github.com/zedhead037/mdconf v0.0.3/go.mod h1:DE87sQyOCbjkECi3T3xi6bT4H+0E17EDqMyE91WRxuk=
github.com/zedhead037/mdconf v0.0.4 h1:rXGO70J+r8sTXBqYqnCDQziN7cy+JzVyq+G9pFi8Jj4=
github.com/zedhead037/mdconf v0.0.4/go.mod h1:DE87sQyOCbjkECi3T3xi6bT4H+0E17EDqMyE91WRxuk=
